
Microsoft Visual Studio Solution File, Format Version 12.00
# Visual Studio Version 17
VisualStudioVersion = 17.7.34221.43
MinimumVisualStudioVersion = 10.0.40219.1
Project("{FAE04EC0-301F-11D3-BF4B-00C04F79EFBC}") = "Astronomical Processing", "Astronomical Processing\Astronomical Processing.csproj", "{DAF0CC4A-0621-4C21-A3CA-C10BDBDA24E6}"
EndProject
Global
	GlobalSection(SolutionConfigurationPlatforms) = preSolution
		Debug|Any CPU = Debug|Any CPU
		Release|Any CPU = Release|Any CPU
	EndGlobalSection
	GlobalSection(ProjectConfigurationPlatforms) = postSolution
		{DAF0CC4A-0621-4C21-A3CA-C10BDBDA24E6}.Debug|Any CPU.ActiveCfg = Debug|Any CPU
		{DAF0CC4A-0621-4C21-A3CA-C10BDBDA24E6}.Debug|Any CPU.Build.0 = Debug|Any CPU
		{DAF0CC4A-0621-4C21-A3CA-C10BDBDA24E6}.Release|Any CPU.ActiveCfg = Release|Any CPU
		{DAF0CC4A-0621-4C21-A3CA-C10BDBDA24E6}.Release|Any CPU.Build.0 = Release|Any CPU
	EndGlobalSection
	GlobalSection(SolutionProperties) = preSolution
		HideSolutionNode = FALSE
	EndGlobalSection
	GlobalSection(ExtensibilityGlobals) = postSolution
		SolutionGuid = {DFB474E2-309D-4943-9567-699E465C5C82}
	EndGlobalSection
EndGlobal
